
Microsoft Visual Studio Solution File, Format Version 12.00
# Visual Studio Version 17
VisualStudioVersion = 17.14.36414.22
MinimumVisualStudioVersion = 10.0.40219.1
Project("{2150E333-8FDC-42A3-9474-1A3956D46DE8}") = "Task0", "Task0", "{02EA681E-C7D8-13C7-8484-4AC65E1B71E8}"
EndProject
Project("{FAE04EC0-301F-11D3-BF4B-00C04F79EFBC}") = "Tyuiu.MalcevDV.Sprint2.Task0.V19", "Tyuiu.MalcevDV.Sprint2.Task0.V19\Tyuiu.MalcevDV.Sprint2.Task0.V19.csproj", "{9F267591-1035-4ECA-8AF8-16588101C016}"
EndProject
Project("{FAE04EC0-301F-11D3-BF4B-00C04F79EFBC}") = "Tyuiu.MalcevDV.Sprint2.Task0.V19.Lib", "Tyuiu.MalcevDV.Sprint2.Task0.V19.Lib\Tyuiu.MalcevDV.Sprint2.Task0.V19.Lib.csproj", "{7EC61B87-DA0C-4976-BC2F-FEF4B15D207A}"
EndProject
Project("{FAE04EC0-301F-11D3-BF4B-00C04F79EFBC}") = "Tyuiu.MalcevDV.Sprint2.Task0.V19.Test", "Tyuiu.MalcevDV.Sprint2.Task0.V19.Test\Tyuiu.MalcevDV.Sprint2.Task0.V19.Test.csproj", "{F03F8D6C-47F3-4BBA-A8D5-806F40C79D34}"
EndProject
Project("{2150E333-8FDC-42A3-9474-1A3956D46DE8}") = "Task1", "Task1", "{74CEF499-F08D-4A81-B5B4-8383CBAFAD70}"
EndProject
Project("{FAE04EC0-301F-11D3-BF4B-00C04F79EFBC}") = "Tyuiu.MalcevDV.Sprint2.Task1.V18", "Tyuiu.MalcevDV.Sprint2.Task1.V18\Tyuiu.MalcevDV.Sprint2.Task1.V18.csproj", "{FBE198C9-7046-44E0-84B5-1719CF360A28}"
EndProject
Project("{FAE04EC0-301F-11D3-BF4B-00C04F79EFBC}") = "Tyuiu.MalcevDV.Sprint2.Task1.V18.Lib", "Tyuiu.MalcevDV.Sprint2.Task1.V18.Lib\Tyuiu.MalcevDV.Sprint2.Task1.V18.Lib.csproj", "{6FBE5288-D9CB-4BE9-87B0-431EBEEF6E20}"
EndProject
Project("{FAE04EC0-301F-11D3-BF4B-00C04F79EFBC}") = "Tyuiu.MalcevDV.Sprint2.Task1.V18.Test", "Tyuiu.MalcevDV.Sprint2.Task1.V18.Test\Tyuiu.MalcevDV.Sprint2.Task1.V18.Test.csproj", "{83EF6B1D-8E57-40E0-BA95-1D4CA50416EF}"
EndProject
Project("{FAE04EC0-301F-11D3-BF4B-00C04F79EFBC}") = "Tyuiu.MalcevDV.Sprint2.Task2.V19", "Tyuiu.MalcevDV.Sprint2.Task2.V19\Tyuiu.MalcevDV.Sprint2.Task2.V19.csproj", "{0010F9D0-4B3A-46DC-BC41-91E2A99DE111}"
EndProject
Project("{2150E333-8FDC-42A3-9474-1A3956D46DE8}") = "Task2", "Task2", "{53053367-4E8B-481B-9F86-FB26773FDBD7}"
EndProject
Project("{FAE04EC0-301F-11D3-BF4B-00C04F79EFBC}") = "Tyuiu.MalcevDV.Sprint2.Task2.V19.Lib", "Tyuiu.MalcevDV.Sprint2.Task2.V19.Lib\Tyuiu.MalcevDV.Sprint2.Task2.V19.Lib.csproj", "{3941DD53-3FD8-4CB1-ADD1-F93772D852CC}"
EndProject
Project("{FAE04EC0-301F-11D3-BF4B-00C04F79EFBC}") = "Tyuiu.MalcevDV.Sprint2.Task2.V19.Test", "Tyuiu.MalcevDV.Sprint2.Task2.V19.Test\Tyuiu.MalcevDV.Sprint2.Task2.V19.Test.csproj", "{96EFB21E-F7F6-44FD-BCEC-70B8793BEF17}"
EndProject
Global
	GlobalSection(SolutionConfigurationPlatforms) = preSolution
		Debug|Any CPU = Debug|Any CPU
		Release|Any CPU = Release|Any CPU
	EndGlobalSection
	GlobalSection(ProjectConfigurationPlatforms) = postSolution
		{9F267591-1035-4ECA-8AF8-16588101C016}.Debug|Any CPU.ActiveCfg = Debug|Any CPU
		{9F267591-1035-4ECA-8AF8-16588101C016}.Debug|Any CPU.Build.0 = Debug|Any CPU
		{9F267591-1035-4ECA-8AF8-16588101C016}.Release|Any CPU.ActiveCfg = Release|Any CPU
		{9F267591-1035-4ECA-8AF8-16588101C016}.Release|Any CPU.Build.0 = Release|Any CPU
		{7EC61B87-DA0C-4976-BC2F-FEF4B15D207A}.Debug|Any CPU.ActiveCfg = Debug|Any CPU
		{7EC61B87-DA0C-4976-BC2F-FEF4B15D207A}.Debug|Any CPU.Build.0 = Debug|Any CPU
		{7EC61B87-DA0C-4976-BC2F-FEF4B15D207A}.Release|Any CPU.ActiveCfg = Release|Any CPU
		{7EC61B87-DA0C-4976-BC2F-FEF4B15D207A}.Release|Any CPU.Build.0 = Release|Any CPU
		{F03F8D6C-47F3-4BBA-A8D5-806F40C79D34}.Debug|Any CPU.ActiveCfg = Debug|Any CPU
		{F03F8D6C-47F3-4BBA-A8D5-806F40C79D34}.Debug|Any CPU.Build.0 = Debug|Any CPU
		{F03F8D6C-47F3-4BBA-A8D5-806F40C79D34}.Release|Any CPU.ActiveCfg = Release|Any CPU
		{F03F8D6C-47F3-4BBA-A8D5-806F40C79D34}.Release|Any CPU.Build.0 = Release|Any CPU
		{FBE198C9-7046-44E0-84B5-1719CF360A28}.Debug|Any CPU.ActiveCfg = Debug|Any CPU
		{FBE198C9-7046-44E0-84B5-1719CF360A28}.Debug|Any CPU.Build.0 = Debug|Any CPU
		{FBE198C9-7046-44E0-84B5-1719CF360A28}.Release|Any CPU.ActiveCfg = Release|Any CPU
		{FBE198C9-7046-44E0-84B5-1719CF360A28}.Release|Any CPU.Build.0 = Release|Any CPU
		{6FBE5288-D9CB-4BE9-87B0-431EBEEF6E20}.Debug|Any CPU.ActiveCfg = Debug|Any CPU
		{6FBE5288-D9CB-4BE9-87B0-431EBEEF6E20}.Debug|Any CPU.Build.0 = Debug|Any CPU
		{6FBE5288-D9CB-4BE9-87B0-431EBEEF6E20}.Release|Any CPU.ActiveCfg = Release|Any CPU
		{6FBE5288-D9CB-4BE9-87B0-431EBEEF6E20}.Release|Any CPU.Build.0 = Release|Any CPU
		{83EF6B1D-8E57-40E0-BA95-1D4CA50416EF}.Debug|Any CPU.ActiveCfg = Debug|Any CPU
		{83EF6B1D-8E57-40E0-BA95-1D4CA50416EF}.Debug|Any CPU.Build.0 = Debug|Any CPU
		{83EF6B1D-8E57-40E0-BA95-1D4CA50416EF}.Release|Any CPU.ActiveCfg = Release|Any CPU
		{83EF6B1D-8E57-40E0-BA95-1D4CA50416EF}.Release|Any CPU.Build.0 = Release|Any CPU
		{0010F9D0-4B3A-46DC-BC41-91E2A99DE111}.Debug|Any CPU.ActiveCfg = Debug|Any CPU
		{0010F9D0-4B3A-46DC-BC41-91E2A99DE111}.Debug|Any CPU.Build.0 = Debug|Any CPU
		{0010F9D0-4B3A-46DC-BC41-91E2A99DE111}.Release|Any CPU.ActiveCfg = Release|Any CPU
		{0010F9D0-4B3A-46DC-BC41-91E2A99DE111}.Release|Any CPU.Build.0 = Release|Any CPU
		{3941DD53-3FD8-4CB1-ADD1-F93772D852CC}.Debug|Any CPU.ActiveCfg = Debug|Any CPU
		{3941DD53-3FD8-4CB1-ADD1-F93772D852CC}.Debug|Any CPU.Build.0 = Debug|Any CPU
		{3941DD53-3FD8-4CB1-ADD1-F93772D852CC}.Release|Any CPU.ActiveCfg = Release|Any CPU
		{3941DD53-3FD8-4CB1-ADD1-F93772D852CC}.Release|Any CPU.Build.0 = Release|Any CPU
		{96EFB21E-F7F6-44FD-BCEC-70B8793BEF17}.Debug|Any CPU.ActiveCfg = Debug|Any CPU
		{96EFB21E-F7F6-44FD-BCEC-70B8793BEF17}.Debug|Any CPU.Build.0 = Debug|Any CPU
		{96EFB21E-F7F6-44FD-BCEC-70B8793BEF17}.Release|Any CPU.ActiveCfg = Release|Any CPU
		{96EFB21E-F7F6-44FD-BCEC-70B8793BEF17}.Release|Any CPU.Build.0 = Release|Any CPU
	EndGlobalSection
	GlobalSection(SolutionProperties) = preSolution
		HideSolutionNode = FALSE
	EndGlobalSection
	GlobalSection(NestedProjects) = preSolution
		{9F267591-1035-4ECA-8AF8-16588101C016} = {02EA681E-C7D8-13C7-8484-4AC65E1B71E8}
		{7EC61B87-DA0C-4976-BC2F-FEF4B15D207A} = {02EA681E-C7D8-13C7-8484-4AC65E1B71E8}
		{F03F8D6C-47F3-4BBA-A8D5-806F40C79D34} = {02EA681E-C7D8-13C7-8484-4AC65E1B71E8}
		{FBE198C9-7046-44E0-84B5-1719CF360A28} = {74CEF499-F08D-4A81-B5B4-8383CBAFAD70}
		{6FBE5288-D9CB-4BE9-87B0-431EBEEF6E20} = {74CEF499-F08D-4A81-B5B4-8383CBAFAD70}
		{83EF6B1D-8E57-40E0-BA95-1D4CA50416EF} = {74CEF499-F08D-4A81-B5B4-8383CBAFAD70}
		{0010F9D0-4B3A-46DC-BC41-91E2A99DE111} = {53053367-4E8B-481B-9F86-FB26773FDBD7}
		{3941DD53-3FD8-4CB1-ADD1-F93772D852CC} = {53053367-4E8B-481B-9F86-FB26773FDBD7}
		{96EFB21E-F7F6-44FD-BCEC-70B8793BEF17} = {53053367-4E8B-481B-9F86-FB26773FDBD7}
	EndGlobalSection
	GlobalSection(ExtensibilityGlobals) = postSolution
		SolutionGuid = {68C1EFBA-603B-4144-8145-BA03A3EA3E87}
	EndGlobalSection
EndGlobal
