
Microsoft Visual Studio Solution File, Format Version 12.00
# Visual Studio Version 17
VisualStudioVersion = 17.14.36414.22
MinimumVisualStudioVersion = 10.0.40219.1
Project("{2150E333-8FDC-42A3-9474-1A3956D46DE8}") = "Task0", "Task0", "{02EA681E-C7D8-13C7-8484-4AC65E1B71E8}"
EndProject
Project("{FAE04EC0-301F-11D3-BF4B-00C04F79EFBC}") = "Tyuiu.MalcevDV.Sprint2.Task0.V19", "Tyuiu.MalcevDV.Sprint2.Task0.V19\Tyuiu.MalcevDV.Sprint2.Task0.V19.csproj", "{9F267591-1035-4ECA-8AF8-16588101C016}"
EndProject
Project("{FAE04EC0-301F-11D3-BF4B-00C04F79EFBC}") = "Tyuiu.MalcevDV.Sprint2.Task0.V19.Lib", "Tyuiu.MalcevDV.Sprint2.Task0.V19.Lib\Tyuiu.MalcevDV.Sprint2.Task0.V19.Lib.csproj", "{7EC61B87-DA0C-4976-BC2F-FEF4B15D207A}"
EndProject
Project("{FAE04EC0-301F-11D3-BF4B-00C04F79EFBC}") = "Tyuiu.MalcevDV.Sprint2.Task0.V19.Test", "Tyuiu.MalcevDV.Sprint2.Task0.V19.Test\Tyuiu.MalcevDV.Sprint2.Task0.V19.Test.csproj", "{F03F8D6C-47F3-4BBA-A8D5-806F40C79D34}"
EndProject
Project("{2150E333-8FDC-42A3-9474-1A3956D46DE8}") = "Task1", "Task1", "{74CEF499-F08D-4A81-B5B4-8383CBAFAD70}"
EndProject
Project("{FAE04EC0-301F-11D3-BF4B-00C04F79EFBC}") = "Tyuiu.MalcevDV.Sprint2.Task1.V18", "Tyuiu.MalcevDV.Sprint2.Task1.V18\Tyuiu.MalcevDV.Sprint2.Task1.V18.csproj", "{FBE198C9-7046-44E0-84B5-1719CF360A28}"
EndProject
Project("{FAE04EC0-301F-11D3-BF4B-00C04F79EFBC}") = "Tyuiu.MalcevDV.Sprint2.Task1.V18.Lib", "Tyuiu.MalcevDV.Sprint2.Task1.V18.Lib\Tyuiu.MalcevDV.Sprint2.Task1.V18.Lib.csproj", "{6FBE5288-D9CB-4BE9-87B0-431EBEEF6E20}"
EndProject
Project("{FAE04EC0-301F-11D3-BF4B-00C04F79EFBC}") = "Tyuiu.MalcevDV.Sprint2.Task1.V18.Test", "Tyuiu.MalcevDV.Sprint2.Task1.V18.Test\Tyuiu.MalcevDV.Sprint2.Task1.V18.Test.csproj", "{83EF6B1D-8E57-40E0-BA95-1D4CA50416EF}"
EndProject
Project("{FAE04EC0-301F-11D3-BF4B-00C04F79EFBC}") = "Tyuiu.MalcevDV.Sprint2.Task2.V19", "Tyuiu.MalcevDV.Sprint2.Task2.V19\Tyuiu.MalcevDV.Sprint2.Task2.V19.csproj", "{0010F9D0-4B3A-46DC-BC41-91E2A99DE111}"
EndProject
Project("{2150E333-8FDC-42A3-9474-1A3956D46DE8}") = "Task2", "Task2", "{53053367-4E8B-481B-9F86-FB26773FDBD7}"
EndProject
Project("{FAE04EC0-301F-11D3-BF4B-00C04F79EFBC}") = "Tyuiu.MalcevDV.Sprint2.Task2.V19.Lib", "Tyuiu.MalcevDV.Sprint2.Task2.V19.Lib\Tyuiu.MalcevDV.Sprint2.Task2.V19.Lib.csproj", "{3941DD53-3FD8-4CB1-ADD1-F93772D852CC}"
EndProject
Project("{FAE04EC0-301F-11D3-BF4B-00C04F79EFBC}") = "Tyuiu.MalcevDV.Sprint2.Task2.V19.Test", "Tyuiu.MalcevDV.Sprint2.Task2.V19.Test\Tyuiu.MalcevDV.Sprint2.Task2.V19.Test.csproj", "{96EFB21E-F7F6-44FD-BCEC-70B8793BEF17}"
EndProject
Project("{2150E333-8FDC-42A3-9474-1A3956D46DE8}") = "Task3", "Task3", "{12D3FA92-10AE-4420-B46D-1AFFB0C966C6}"
EndProject
Project("{FAE04EC0-301F-11D3-BF4B-00C04F79EFBC}") = "Tyuiu.MalcevDV.Sprint2.Task3.V26", "Tyuiu.MalcevDV.Sprint2.Task3.V26\Tyuiu.MalcevDV.Sprint2.Task3.V26.csproj", "{2C278006-CA77-4752-ACE5-93D6E27E6835}"
EndProject
Project("{FAE04EC0-301F-11D3-BF4B-00C04F79EFBC}") = "Tyuiu.MalcevDV.Sprint2.Task3.V26.Lib", "Tyuiu.MalcevDV.Sprint2.Task3.V26.Lib\Tyuiu.MalcevDV.Sprint2.Task3.V26.Lib.csproj", "{B29C81B5-CD9A-4AEE-975B-56E93CEC579B}"
EndProject
Project("{FAE04EC0-301F-11D3-BF4B-00C04F79EFBC}") = "Tyuiu.MalcevDV.Sprint2.Task3.V26.Test", "Tyuiu.MalcevDV.Sprint2.Task3.V26.Test\Tyuiu.MalcevDV.Sprint2.Task3.V26.Test.csproj", "{F94719C0-5AE3-4A82-921C-5D0502A2E18C}"
EndProject
Project("{2150E333-8FDC-42A3-9474-1A3956D46DE8}") = "Task4", "Task4", "{0A982BA8-BBCB-4164-AC48-98EF6730DE3E}"
EndProject
Project("{FAE04EC0-301F-11D3-BF4B-00C04F79EFBC}") = "Tyuiu.MalcevDV.Sprint2.Task4.V2", "Tyuiu.MalcevDV.Sprint2.Task4.V2\Tyuiu.MalcevDV.Sprint2.Task4.V2.csproj", "{C3A47A99-0C29-41B4-BC6F-E22E9AAE8FCB}"
EndProject
Project("{FAE04EC0-301F-11D3-BF4B-00C04F79EFBC}") = "Tyuiu.MalcevDV.Sprint2.Task4.V2.Lib", "Tyuiu.MalcevDV.Sprint2.Task4.V2.Lib\Tyuiu.MalcevDV.Sprint2.Task4.V2.Lib.csproj", "{074DE2D4-31C6-42CE-BE3B-9396DFFDB0AE}"
EndProject
Project("{FAE04EC0-301F-11D3-BF4B-00C04F79EFBC}") = "Tyuiu.MalcevDV.Sprint2.Task4.V2.Test", "Tyuiu.MalcevDV.Sprint2.Task4.V2.Test\Tyuiu.MalcevDV.Sprint2.Task4.V2.Test.csproj", "{6CEC9FD2-8B66-4564-A530-32EC3E5CADA1}"
EndProject
Project("{2150E333-8FDC-42A3-9474-1A3956D46DE8}") = "Task5", "Task5", "{4EB3A41C-AD55-4922-B071-846F75AD7DA5}"
EndProject
Project("{FAE04EC0-301F-11D3-BF4B-00C04F79EFBC}") = "Tyuiu.MalcevDV.Sprint2.Task5.V14", "Tyuiu.MalcevDV.Sprint2.Task5.V14\Tyuiu.MalcevDV.Sprint2.Task5.V14.csproj", "{6AD0FD75-F203-4A3D-BEB0-BA50F605F453}"
EndProject
Project("{FAE04EC0-301F-11D3-BF4B-00C04F79EFBC}") = "Tyuiu.MalcevDV.Sprint2.Task5.V14.Lib", "Tyuiu.MalcevDV.Sprint2.Task5.V14.Lib\Tyuiu.MalcevDV.Sprint2.Task5.V14.Lib.csproj", "{9F469A77-4A17-46DB-846B-3AE43C884ED5}"
EndProject
Project("{FAE04EC0-301F-11D3-BF4B-00C04F79EFBC}") = "Tyuiu.MalcevDV.Sprint2.Task5.V14.Test", "Tyuiu.MalcevDV.Sprint2.Task5.V14.Test\Tyuiu.MalcevDV.Sprint2.Task5.V14.Test.csproj", "{B3DD18F8-3F54-4325-8881-56CB81E37E66}"
EndProject
Project("{2150E333-8FDC-42A3-9474-1A3956D46DE8}") = "Task6", "Task6", "{7935ABBB-52B8-4E79-BD2F-BBEAA480ABBE}"
EndProject
Project("{FAE04EC0-301F-11D3-BF4B-00C04F79EFBC}") = "Tyuiu.MalcevDV.Sprint2.Task6.V11", "Tyuiu.MalcevDV.Sprint2.Task6.V11\Tyuiu.MalcevDV.Sprint2.Task6.V11.csproj", "{FE41D3EF-07AE-4AFC-9CA3-63258AC0E0AB}"
EndProject
Project("{FAE04EC0-301F-11D3-BF4B-00C04F79EFBC}") = "Tyuiu.MalcevDV.Sprint2.Task6.V11.Lib", "Tyuiu.MalcevDV.Sprint2.Task6.V11.Lib\Tyuiu.MalcevDV.Sprint2.Task6.V11.Lib.csproj", "{4164CEF0-7E2B-4505-9C28-E34510D10529}"
EndProject
Project("{FAE04EC0-301F-11D3-BF4B-00C04F79EFBC}") = "Tyuiu.MalcevDV.Sprint2.Task6.V11.Test", "Tyuiu.MalcevDV.Sprint2.Task6.V11.Test\Tyuiu.MalcevDV.Sprint2.Task6.V11.Test.csproj", "{ADE3B678-2060-4EFB-8548-5B5A0429C296}"
EndProject
Global
	GlobalSection(SolutionConfigurationPlatforms) = preSolution
		Debug|Any CPU = Debug|Any CPU
		Release|Any CPU = Release|Any CPU
	EndGlobalSection
	GlobalSection(ProjectConfigurationPlatforms) = postSolution
		{9F267591-1035-4ECA-8AF8-16588101C016}.Debug|Any CPU.ActiveCfg = Debug|Any CPU
		{9F267591-1035-4ECA-8AF8-16588101C016}.Debug|Any CPU.Build.0 = Debug|Any CPU
		{9F267591-1035-4ECA-8AF8-16588101C016}.Release|Any CPU.ActiveCfg = Release|Any CPU
		{9F267591-1035-4ECA-8AF8-16588101C016}.Release|Any CPU.Build.0 = Release|Any CPU
		{7EC61B87-DA0C-4976-BC2F-FEF4B15D207A}.Debug|Any CPU.ActiveCfg = Debug|Any CPU
		{7EC61B87-DA0C-4976-BC2F-FEF4B15D207A}.Debug|Any CPU.Build.0 = Debug|Any CPU
		{7EC61B87-DA0C-4976-BC2F-FEF4B15D207A}.Release|Any CPU.ActiveCfg = Release|Any CPU
		{7EC61B87-DA0C-4976-BC2F-FEF4B15D207A}.Release|Any CPU.Build.0 = Release|Any CPU
		{F03F8D6C-47F3-4BBA-A8D5-806F40C79D34}.Debug|Any CPU.ActiveCfg = Debug|Any CPU
		{F03F8D6C-47F3-4BBA-A8D5-806F40C79D34}.Debug|Any CPU.Build.0 = Debug|Any CPU
		{F03F8D6C-47F3-4BBA-A8D5-806F40C79D34}.Release|Any CPU.ActiveCfg = Release|Any CPU
		{F03F8D6C-47F3-4BBA-A8D5-806F40C79D34}.Release|Any CPU.Build.0 = Release|Any CPU
		{FBE198C9-7046-44E0-84B5-1719CF360A28}.Debug|Any CPU.ActiveCfg = Debug|Any CPU
		{FBE198C9-7046-44E0-84B5-1719CF360A28}.Debug|Any CPU.Build.0 = Debug|Any CPU
		{FBE198C9-7046-44E0-84B5-1719CF360A28}.Release|Any CPU.ActiveCfg = Release|Any CPU
		{FBE198C9-7046-44E0-84B5-1719CF360A28}.Release|Any CPU.Build.0 = Release|Any CPU
		{6FBE5288-D9CB-4BE9-87B0-431EBEEF6E20}.Debug|Any CPU.ActiveCfg = Debug|Any CPU
		{6FBE5288-D9CB-4BE9-87B0-431EBEEF6E20}.Debug|Any CPU.Build.0 = Debug|Any CPU
		{6FBE5288-D9CB-4BE9-87B0-431EBEEF6E20}.Release|Any CPU.ActiveCfg = Release|Any CPU
		{6FBE5288-D9CB-4BE9-87B0-431EBEEF6E20}.Release|Any CPU.Build.0 = Release|Any CPU
		{83EF6B1D-8E57-40E0-BA95-1D4CA50416EF}.Debug|Any CPU.ActiveCfg = Debug|Any CPU
		{83EF6B1D-8E57-40E0-BA95-1D4CA50416EF}.Debug|Any CPU.Build.0 = Debug|Any CPU
		{83EF6B1D-8E57-40E0-BA95-1D4CA50416EF}.Release|Any CPU.ActiveCfg = Release|Any CPU
		{83EF6B1D-8E57-40E0-BA95-1D4CA50416EF}.Release|Any CPU.Build.0 = Release|Any CPU
		{0010F9D0-4B3A-46DC-BC41-91E2A99DE111}.Debug|Any CPU.ActiveCfg = Debug|Any CPU
		{0010F9D0-4B3A-46DC-BC41-91E2A99DE111}.Debug|Any CPU.Build.0 = Debug|Any CPU
		{0010F9D0-4B3A-46DC-BC41-91E2A99DE111}.Release|Any CPU.ActiveCfg = Release|Any CPU
		{0010F9D0-4B3A-46DC-BC41-91E2A99DE111}.Release|Any CPU.Build.0 = Release|Any CPU
		{3941DD53-3FD8-4CB1-ADD1-F93772D852CC}.Debug|Any CPU.ActiveCfg = Debug|Any CPU
		{3941DD53-3FD8-4CB1-ADD1-F93772D852CC}.Debug|Any CPU.Build.0 = Debug|Any CPU
		{3941DD53-3FD8-4CB1-ADD1-F93772D852CC}.Release|Any CPU.ActiveCfg = Release|Any CPU
		{3941DD53-3FD8-4CB1-ADD1-F93772D852CC}.Release|Any CPU.Build.0 = Release|Any CPU
		{96EFB21E-F7F6-44FD-BCEC-70B8793BEF17}.Debug|Any CPU.ActiveCfg = Debug|Any CPU
		{96EFB21E-F7F6-44FD-BCEC-70B8793BEF17}.Debug|Any CPU.Build.0 = Debug|Any CPU
		{96EFB21E-F7F6-44FD-BCEC-70B8793BEF17}.Release|Any CPU.ActiveCfg = Release|Any CPU
		{96EFB21E-F7F6-44FD-BCEC-70B8793BEF17}.Release|Any CPU.Build.0 = Release|Any CPU
		{2C278006-CA77-4752-ACE5-93D6E27E6835}.Debug|Any CPU.ActiveCfg = Debug|Any CPU
		{2C278006-CA77-4752-ACE5-93D6E27E6835}.Debug|Any CPU.Build.0 = Debug|Any CPU
		{2C278006-CA77-4752-ACE5-93D6E27E6835}.Release|Any CPU.ActiveCfg = Release|Any CPU
		{2C278006-CA77-4752-ACE5-93D6E27E6835}.Release|Any CPU.Build.0 = Release|Any CPU
		{B29C81B5-CD9A-4AEE-975B-56E93CEC579B}.Debug|Any CPU.ActiveCfg = Debug|Any CPU
		{B29C81B5-CD9A-4AEE-975B-56E93CEC579B}.Debug|Any CPU.Build.0 = Debug|Any CPU
		{B29C81B5-CD9A-4AEE-975B-56E93CEC579B}.Release|Any CPU.ActiveCfg = Release|Any CPU
		{B29C81B5-CD9A-4AEE-975B-56E93CEC579B}.Release|Any CPU.Build.0 = Release|Any CPU
		{F94719C0-5AE3-4A82-921C-5D0502A2E18C}.Debug|Any CPU.ActiveCfg = Debug|Any CPU
		{F94719C0-5AE3-4A82-921C-5D0502A2E18C}.Debug|Any CPU.Build.0 = Debug|Any CPU
		{F94719C0-5AE3-4A82-921C-5D0502A2E18C}.Release|Any CPU.ActiveCfg = Release|Any CPU
		{F94719C0-5AE3-4A82-921C-5D0502A2E18C}.Release|Any CPU.Build.0 = Release|Any CPU
		{C3A47A99-0C29-41B4-BC6F-E22E9AAE8FCB}.Debug|Any CPU.ActiveCfg = Debug|Any CPU
		{C3A47A99-0C29-41B4-BC6F-E22E9AAE8FCB}.Debug|Any CPU.Build.0 = Debug|Any CPU
		{C3A47A99-0C29-41B4-BC6F-E22E9AAE8FCB}.Release|Any CPU.ActiveCfg = Release|Any CPU
		{C3A47A99-0C29-41B4-BC6F-E22E9AAE8FCB}.Release|Any CPU.Build.0 = Release|Any CPU
		{074DE2D4-31C6-42CE-BE3B-9396DFFDB0AE}.Debug|Any CPU.ActiveCfg = Debug|Any CPU
		{074DE2D4-31C6-42CE-BE3B-9396DFFDB0AE}.Debug|Any CPU.Build.0 = Debug|Any CPU
		{074DE2D4-31C6-42CE-BE3B-9396DFFDB0AE}.Release|Any CPU.ActiveCfg = Release|Any CPU
		{074DE2D4-31C6-42CE-BE3B-9396DFFDB0AE}.Release|Any CPU.Build.0 = Release|Any CPU
		{6CEC9FD2-8B66-4564-A530-32EC3E5CADA1}.Debug|Any CPU.ActiveCfg = Debug|Any CPU
		{6CEC9FD2-8B66-4564-A530-32EC3E5CADA1}.Debug|Any CPU.Build.0 = Debug|Any CPU
		{6CEC9FD2-8B66-4564-A530-32EC3E5CADA1}.Release|Any CPU.ActiveCfg = Release|Any CPU
		{6CEC9FD2-8B66-4564-A530-32EC3E5CADA1}.Release|Any CPU.Build.0 = Release|Any CPU
		{6AD0FD75-F203-4A3D-BEB0-BA50F605F453}.Debug|Any CPU.ActiveCfg = Debug|Any CPU
		{6AD0FD75-F203-4A3D-BEB0-BA50F605F453}.Debug|Any CPU.Build.0 = Debug|Any CPU
		{6AD0FD75-F203-4A3D-BEB0-BA50F605F453}.Release|Any CPU.ActiveCfg = Release|Any CPU
		{6AD0FD75-F203-4A3D-BEB0-BA50F605F453}.Release|Any CPU.Build.0 = Release|Any CPU
		{9F469A77-4A17-46DB-846B-3AE43C884ED5}.Debug|Any CPU.ActiveCfg = Debug|Any CPU
		{9F469A77-4A17-46DB-846B-3AE43C884ED5}.Debug|Any CPU.Build.0 = Debug|Any CPU
		{9F469A77-4A17-46DB-846B-3AE43C884ED5}.Release|Any CPU.ActiveCfg = Release|Any CPU
		{9F469A77-4A17-46DB-846B-3AE43C884ED5}.Release|Any CPU.Build.0 = Release|Any CPU
		{B3DD18F8-3F54-4325-8881-56CB81E37E66}.Debug|Any CPU.ActiveCfg = Debug|Any CPU
		{B3DD18F8-3F54-4325-8881-56CB81E37E66}.Debug|Any CPU.Build.0 = Debug|Any CPU
		{B3DD18F8-3F54-4325-8881-56CB81E37E66}.Release|Any CPU.ActiveCfg = Release|Any CPU
		{B3DD18F8-3F54-4325-8881-56CB81E37E66}.Release|Any CPU.Build.0 = Release|Any CPU
		{FE41D3EF-07AE-4AFC-9CA3-63258AC0E0AB}.Debug|Any CPU.ActiveCfg = Debug|Any CPU
		{FE41D3EF-07AE-4AFC-9CA3-63258AC0E0AB}.Debug|Any CPU.Build.0 = Debug|Any CPU
		{FE41D3EF-07AE-4AFC-9CA3-63258AC0E0AB}.Release|Any CPU.ActiveCfg = Release|Any CPU
		{FE41D3EF-07AE-4AFC-9CA3-63258AC0E0AB}.Release|Any CPU.Build.0 = Release|Any CPU
		{4164CEF0-7E2B-4505-9C28-E34510D10529}.Debug|Any CPU.ActiveCfg = Debug|Any CPU
		{4164CEF0-7E2B-4505-9C28-E34510D10529}.Debug|Any CPU.Build.0 = Debug|Any CPU
		{4164CEF0-7E2B-4505-9C28-E34510D10529}.Release|Any CPU.ActiveCfg = Release|Any CPU
		{4164CEF0-7E2B-4505-9C28-E34510D10529}.Release|Any CPU.Build.0 = Release|Any CPU
		{ADE3B678-2060-4EFB-8548-5B5A0429C296}.Debug|Any CPU.ActiveCfg = Debug|Any CPU
		{ADE3B678-2060-4EFB-8548-5B5A0429C296}.Debug|Any CPU.Build.0 = Debug|Any CPU
		{ADE3B678-2060-4EFB-8548-5B5A0429C296}.Release|Any CPU.ActiveCfg = Release|Any CPU
		{ADE3B678-2060-4EFB-8548-5B5A0429C296}.Release|Any CPU.Build.0 = Release|Any CPU
	EndGlobalSection
	GlobalSection(SolutionProperties) = preSolution
		HideSolutionNode = FALSE
	EndGlobalSection
	GlobalSection(NestedProjects) = preSolution
		{9F267591-1035-4ECA-8AF8-16588101C016} = {02EA681E-C7D8-13C7-8484-4AC65E1B71E8}
		{7EC61B87-DA0C-4976-BC2F-FEF4B15D207A} = {02EA681E-C7D8-13C7-8484-4AC65E1B71E8}
		{F03F8D6C-47F3-4BBA-A8D5-806F40C79D34} = {02EA681E-C7D8-13C7-8484-4AC65E1B71E8}
		{FBE198C9-7046-44E0-84B5-1719CF360A28} = {74CEF499-F08D-4A81-B5B4-8383CBAFAD70}
		{6FBE5288-D9CB-4BE9-87B0-431EBEEF6E20} = {74CEF499-F08D-4A81-B5B4-8383CBAFAD70}
		{83EF6B1D-8E57-40E0-BA95-1D4CA50416EF} = {74CEF499-F08D-4A81-B5B4-8383CBAFAD70}
		{0010F9D0-4B3A-46DC-BC41-91E2A99DE111} = {53053367-4E8B-481B-9F86-FB26773FDBD7}
		{3941DD53-3FD8-4CB1-ADD1-F93772D852CC} = {53053367-4E8B-481B-9F86-FB26773FDBD7}
		{96EFB21E-F7F6-44FD-BCEC-70B8793BEF17} = {53053367-4E8B-481B-9F86-FB26773FDBD7}
		{2C278006-CA77-4752-ACE5-93D6E27E6835} = {12D3FA92-10AE-4420-B46D-1AFFB0C966C6}
		{B29C81B5-CD9A-4AEE-975B-56E93CEC579B} = {12D3FA92-10AE-4420-B46D-1AFFB0C966C6}
		{F94719C0-5AE3-4A82-921C-5D0502A2E18C} = {12D3FA92-10AE-4420-B46D-1AFFB0C966C6}
		{C3A47A99-0C29-41B4-BC6F-E22E9AAE8FCB} = {0A982BA8-BBCB-4164-AC48-98EF6730DE3E}
		{074DE2D4-31C6-42CE-BE3B-9396DFFDB0AE} = {0A982BA8-BBCB-4164-AC48-98EF6730DE3E}
		{6CEC9FD2-8B66-4564-A530-32EC3E5CADA1} = {0A982BA8-BBCB-4164-AC48-98EF6730DE3E}
		{6AD0FD75-F203-4A3D-BEB0-BA50F605F453} = {4EB3A41C-AD55-4922-B071-846F75AD7DA5}
		{9F469A77-4A17-46DB-846B-3AE43C884ED5} = {4EB3A41C-AD55-4922-B071-846F75AD7DA5}
		{B3DD18F8-3F54-4325-8881-56CB81E37E66} = {4EB3A41C-AD55-4922-B071-846F75AD7DA5}
		{FE41D3EF-07AE-4AFC-9CA3-63258AC0E0AB} = {7935ABBB-52B8-4E79-BD2F-BBEAA480ABBE}
		{4164CEF0-7E2B-4505-9C28-E34510D10529} = {7935ABBB-52B8-4E79-BD2F-BBEAA480ABBE}
		{ADE3B678-2060-4EFB-8548-5B5A0429C296} = {7935ABBB-52B8-4E79-BD2F-BBEAA480ABBE}
	EndGlobalSection
	GlobalSection(ExtensibilityGlobals) = postSolution
		SolutionGuid = {68C1EFBA-603B-4144-8145-BA03A3EA3E87}
	EndGlobalSection
EndGlobal
